// !$*UTF8*$!
{
	archiveVersion = 1;
	classes = {
	};
	objectVersion = 46;
	objects = {

/* Begin PBXBuildFile section */
		88165D2A1A1B8AA1007BBD55 /* main.m in Sources */ = {isa = PBXBuildFile; fileRef = 88165D291A1B8AA1007BBD55 /* main.m */; };
		88165D2D1A1B8AA1007BBD55 /* AppDelegate.m in Sources */ = {isa = PBXBuildFile; fileRef = 88165D2C1A1B8AA1007BBD55 /* AppDelegate.m */; };
		88165D301A1B8AA1007BBD55 /* ViewController.m in Sources */ = {isa = PBXBuildFile; fileRef = 88165D2F1A1B8AA1007BBD55 /* ViewController.m */; };
		88165D331A1B8AA1007BBD55 /* Main.storyboard in Resources */ = {isa = PBXBuildFile; fileRef = 88165D311A1B8AA1007BBD55 /* Main.storyboard */; };
		88165D351A1B8AA1007BBD55 /* Images.xcassets in Resources */ = {isa = PBXBuildFile; fileRef = 88165D341A1B8AA1007BBD55 /* Images.xcassets */; };
		88165D381A1B8AA1007BBD55 /* LaunchScreen.xib in Resources */ = {isa = PBXBuildFile; fileRef = 88165D361A1B8AA1007BBD55 /* LaunchScreen.xib */; };
		88165D441A1B8AA1007BBD55 /* iAppNinja_Basic_Camera_AppTests.m in Sources */ = {isa = PBXBuildFile; fileRef = 88165D431A1B8AA1007BBD55 /* iAppNinja_Basic_Camera_AppTests.m */; };
/* End PBXBuildFile section */

/* Begin PBXContainerItemProxy section */
		88165D3E1A1B8AA1007BBD55 /* PBXContainerItemProxy */ = {
			isa = PBXContainerItemProxy;
			containerPortal = 88165D1C1A1B8AA0007BBD55 /* Project object */;
			proxyType = 1;
			remoteGlobalIDString = 88165D231A1B8AA1007BBD55;
			remoteInfo = iAppNinja_Basic_Camera_App;
		};
/* End PBXContainerItemProxy section */

/* Begin PBXFileReference section */
		88165D241A1B8AA1007BBD55 /* iAppNinja_Basic_Camera_App.app */ = {isa = PBXFileReference; explicitFileType = wrapper.application; includeInIndex = 0; path = iAppNinja_Basic_Camera_App.app; sourceTree = BUILT_PRODUCTS_DIR; };
		88165D281A1B8AA1007BBD55 /* Info.plist */ = {isa = PBXFileReference; lastKnownFileType = text.plist.xml; path = Info.plist; sourceTree = "<group>"; };
		88165D291A1B8AA1007BBD55 /* main.m */ = {isa = PBXFileReference; lastKnownFileType = sourcecode.c.objc; path = main.m; sourceTree = "<group>"; };
		88165D2B1A1B8AA1007BBD55 /* AppDelegate.h */ = {isa = PBXFileReference; lastKnownFileType = sourcecode.c.h; path = AppDelegate.h; sourceTree = "<group>"; };
		88165D2C1A1B8AA1007BBD55 /* AppDelegate.m */ = {isa = PBXFileReference; lastKnownFileType = sourcecode.c.objc; path = AppDelegate.m; sourceTree = "<group>"; };
		88165D2E1A1B8AA1007BBD55 /* ViewController.h */ = {isa = PBXFileReference; lastKnownFileType = sourcecode.c.h; path = ViewController.h; sourceTree = "<group>"; };
		88165D2F1A1B8AA1007BBD55 /* ViewController.m */ = {isa = PBXFileReference; lastKnownFileType = sourcecode.c.objc; path = ViewController.m; sourceTree = "<group>"; };
		88165D321A1B8AA1007BBD55 /* Base */ = {isa = PBXFileReference; lastKnownFileType = file.storyboard; name = Base; path = Base.lproj/Main.storyboard; sourceTree = "<group>"; };
		88165D341A1B8AA1007BBD55 /* Images.xcassets */ = {isa = PBXFileReference; lastKnownFileType = folder.assetcatalog; path = Images.xcassets; sourceTree = "<group>"; };
		88165D371A1B8AA1007BBD55 /* Base */ = {isa = PBXFileReference; lastKnownFileType = file.xib; name = Base; path = Base.lproj/LaunchScreen.xib; sourceTree = "<group>"; };
		88165D3D1A1B8AA1007BBD55 /* iAppNinja_Basic_Camera_AppTests.xctest */ = {isa = PBXFileReference; explicitFileType = wrapper.cfbundle; includeInIndex = 0; path = iAppNinja_Basic_Camera_AppTests.xctest; sourceTree = BUILT_PRODUCTS_DIR; };
		88165D421A1B8AA1007BBD55 /* Info.plist */ = {isa = PBXFileReference; lastKnownFileType = text.plist.xml; path = Info.plist; sourceTree = "<group>"; };
		88165D431A1B8AA1007BBD55 /* iAppNinja_Basic_Camera_AppTests.m */ = {isa = PBXFileReference; lastKnownFileType = sourcecode.c.objc; path = iAppNinja_Basic_Camera_AppTests.m; sourceTree = "<group>"; };
/* End PBXFileReference section */

/* Begin PBXFrameworksBuildPhase section */
		88165D211A1B8AA1007BBD55 /* Frameworks */ = {
			isa = PBXFrameworksBuildPhase;
			buildActionMask = 2147483647;
			files = (
			);
			runOnlyForDeploymentPostprocessing = 0;
		};
		88165D3A1A1B8AA1007BBD55 /* Frameworks */ = {
			isa = PBXFrameworksBuildPhase;
			buildActionMask = 2147483647;
			files = (
			);
			runOnlyForDeploymentPostprocessing = 0;
		};
/* End PBXFrameworksBuildPhase section */

/* Begin PBXGroup section */
		88165D1B1A1B8AA0007BBD55 = {
			isa = PBXGroup;
			children = (
				88165D261A1B8AA1007BBD55 /* iAppNinja_Basic_Camera_App */,
				88165D401A1B8AA1007BBD55 /* iAppNinja_Basic_Camera_AppTests */,
				88165D251A1B8AA1007BBD55 /* Products */,
			);
			sourceTree = "<group>";
		};
		88165D251A1B8AA1007BBD55 /* Products */ = {
			isa = PBXGroup;
			children = (
				88165D241A1B8AA1007BBD55 /* iAppNinja_Basic_Camera_App.app */,
				88165D3D1A1B8AA1007BBD55 /* iAppNinja_Basic_Camera_AppTests.xctest */,
			);
			name = Products;
			sourceTree = "<group>";
		};
		88165D261A1B8AA1007BBD55 /* iAppNinja_Basic_Camera_App */ = {
			isa = PBXGroup;
			children = (
				88165D2B1A1B8AA1007BBD55 /* AppDelegate.h */,
				88165D2C1A1B8AA1007BBD55 /* AppDelegate.m */,
				88165D2E1A1B8AA1007BBD55 /* ViewController.h */,
				88165D2F1A1B8AA1007BBD55 /* ViewController.m */,
				88165D311A1B8AA1007BBD55 /* Main.storyboard */,
				88165D341A1B8AA1007BBD55 /* Images.xcassets */,
				88165D361A1B8AA1007BBD55 /* LaunchScreen.xib */,
				88165D271A1B8AA1007BBD55 /* Supporting Files */,
			);
			path = iAppNinja_Basic_Camera_App;
			sourceTree = "<group>";
		};
		88165D271A1B8AA1007BBD55 /* Supporting Files */ = {
			isa = PBXGroup;
			children = (
				88165D281A1B8AA1007BBD55 /* Info.plist */,
				88165D291A1B8AA1007BBD55 /* main.m */,
			);
			name = "Supporting Files";
			sourceTree = "<group>";
		};
		88165D401A1B8AA1007BBD55 /* iAppNinja_Basic_Camera_AppTests */ = {
			isa = PBXGroup;
			children = (
				88165D431A1B8AA1007BBD55 /* iAppNinja_Basic_Camera_AppTests.m */,
				88165D411A1B8AA1007BBD55 /* Supporting Files */,
			);
			path = iAppNinja_Basic_Camera_AppTests;
			sourceTree = "<group>";
		};
		88165D411A1B8AA1007BBD55 /* Supporting Files */ = {
			isa = PBXGroup;
			children = (
				88165D421A1B8AA1007BBD55 /* Info.plist */,
			);
			name = "Supporting Files";
			sourceTree = "<group>";
		};
/* End PBXGroup section */

/* Begin PBXNativeTarget section */
		88165D231A1B8AA1007BBD55 /* iAppNinja_Basic_Camera_App */ = {
			isa = PBXNativeTarget;
			buildConfigurationList = 88165D471A1B8AA1007BBD55 /* Build configuration list for PBXNativeTarget "iAppNinja_Basic_Camera_App" */;
			buildPhases = (
				88165D201A1B8AA1007BBD55 /* Sources */,
				88165D211A1B8AA1007BBD55 /* Frameworks */,
				88165D221A1B8AA1007BBD55 /* Resources */,
			);
			buildRules = (
			);
			dependencies = (
			);
			name = iAppNinja_Basic_Camera_App;
			productName = iAppNinja_Basic_Camera_App;
			productReference = 88165D241A1B8AA1007BBD55 /* iAppNinja_Basic_Camera_App.app */;
			productType = "com.apple.product-type.application";
		};
		88165D3C1A1B8AA1007BBD55 /* iAppNinja_Basic_Camera_AppTests */ = {
			isa = PBXNativeTarget;
			buildConfigurationList = 88165D4A1A1B8AA1007BBD55 /* Build configuration list for PBXNativeTarget "iAppNinja_Basic_Camera_AppTests" */;
			buildPhases = (
				88165D391A1B8AA1007BBD55 /* Sources */,
				88165D3A1A1B8AA1007BBD55 /* Frameworks */,
				88165D3B1A1B8AA1007BBD55 /* Resources */,
			);
			buildRules = (
			);
			dependencies = (
				88165D3F1A1B8AA1007BBD55 /* PBXTargetDependency */,
			);
			name = iAppNinja_Basic_Camera_AppTests;
			productName = iAppNinja_Basic_Camera_AppTests;
			productReference = 88165D3D1A1B8AA1007BBD55 /* iAppNinja_Basic_Camera_AppTests.xctest */;
			productType = "com.apple.product-type.bundle.unit-test";
		};
/* End PBXNativeTarget section */

/* Begin PBXProject section */
		88165D1C1A1B8AA0007BBD55 /* Project object */ = {
			isa = PBXProject;
			attributes = {
				LastUpgradeCheck = 0610;
				ORGANIZATIONNAME = Prash;
				TargetAttributes = {
					88165D231A1B8AA1007BBD55 = {
						CreatedOnToolsVersion = 6.1;
					};
					88165D3C1A1B8AA1007BBD55 = {
						CreatedOnToolsVersion = 6.1;
						TestTargetID = 88165D231A1B8AA1007BBD55;
					};
				};
			};
			buildConfigurationList = 88165D1F1A1B8AA0007BBD55 /* Build configuration list for PBXProject "iAppNinja_Basic_Camera_App" */;
			compatibilityVersion = "Xcode 3.2";
			developmentRegion = English;
			hasScannedForEncodings = 0;
			knownRegions = (
				en,
				Base,
			);
			mainGroup = 88165D1B1A1B8AA0007BBD55;
			productRefGroup = 88165D251A1B8AA1007BBD55 /* Products */;
			projectDirPath = "";
			projectRoot = "";
			targets = (
				88165D231A1B8AA1007BBD55 /* iAppNinja_Basic_Camera_App */,
				88165D3C1A1B8AA1007BBD55 /* iAppNinja_Basic_Camera_AppTests */,
			);
		};
/* End PBXProject section */

/* Begin PBXResourcesBuildPhase section */
		88165D221A1B8AA1007BBD55 /* Resources */ = {
			isa = PBXResourcesBuildPhase;
			buildActionMask = 2147483647;
			files = (
				88165D331A1B8AA1007BBD55 /* Main.storyboard in Resources */,
				88165D381A1B8AA1007BBD55 /* LaunchScreen.xib in Resources */,
				88165D351A1B8AA1007BBD55 /* Images.xcassets in Resources */,
			);
			runOnlyForDeploymentPostprocessing = 0;
		};
		88165D3B1A1B8AA1007BBD55 /* Resources */ = {
			isa = PBXResourcesBuildPhase;
			buildActionMask = 2147483647;
			files = (
			);
			runOnlyForDeploymentPostprocessing = 0;
		};
/* End PBXResourcesBuildPhase section */

/* Begin PBXSourcesBuildPhase section */
		88165D201A1B8AA1007BBD55 /* Sources */ = {
			isa = PBXSourcesBuildPhase;
			buildActionMask = 2147483647;
			files = (
				88165D301A1B8AA1007BBD55 /* ViewController.m in Sources */,
				88165D2D1A1B8AA1007BBD55 /* AppDelegate.m in Sources */,
				88165D2A1A1B8AA1007BBD55 /* main.m in Sources */,
			);
			runOnlyForDeploymentPostprocessing = 0;
		};
		88165D391A1B8AA1007BBD55 /* Sources */ = {
			isa = PBXSourcesBuildPhase;
			buildActionMask = 2147483647;
			files = (
				88165D441A1B8AA1007BBD55 /* iAppNinja_Basic_Camera_AppTests.m in Sources */,
			);
			runOnlyForDeploymentPostprocessing = 0;
		};
/* End PBXSourcesBuildPhase section */

/* Begin PBXTargetDependency section */
		88165D3F1A1B8AA1007BBD55 /* PBXTargetDependency */ = {
			isa = PBXTargetDependency;
			target = 88165D231A1B8AA1007BBD55 /* iAppNinja_Basic_Camera_App */;
			targetProxy = 88165D3E1A1B8AA1007BBD55 /* PBXContainerItemProxy */;
		};
/* End PBXTargetDependency section */

/* Begin PBXVariantGroup section */
		88165D311A1B8AA1007BBD55 /* Main.storyboard */ = {
			isa = PBXVariantGroup;
			children = (
				88165D321A1B8AA1007BBD55 /* Base */,
			);
			name = Main.storyboard;
			sourceTree = "<group>";
		};
		88165D361A1B8AA1007BBD55 /* LaunchScreen.xib */ = {
			isa = PBXVariantGroup;
			children = (
				88165D371A1B8AA1007BBD55 /* Base */,
			);
			name = LaunchScreen.xib;
			sourceTree = "<group>";
		};
/* End PBXVariantGroup section */

/* Begin XCBuildConfiguration section */
		88165D451A1B8AA1007BBD55 /* Debug */ = {
			isa = XCBuildConfiguration;
			buildSettings = {
				ALWAYS_SEARCH_USER_PATHS = NO;
				CLANG_CXX_LANGUAGE_STANDARD = "gnu++0x";
				CLANG_CXX_LIBRARY = "libc++";
				CLANG_ENABLE_MODULES = YES;
				CLANG_ENABLE_OBJC_ARC = YES;
				CLANG_WARN_BOOL_CONVERSION = YES;
				CLANG_WARN_CONSTANT_CONVERSION = YES;
				CLANG_WARN_DIRECT_OBJC_ISA_USAGE = YES_ERROR;
				CLANG_WARN_EMPTY_BODY = YES;
				CLANG_WARN_ENUM_CONVERSION = YES;
				CLANG_WARN_INT_CONVERSION = YES;
				CLANG_WARN_OBJC_ROOT_CLASS = YES_ERROR;
				CLANG_WARN_UNREACHABLE_CODE = YES;
				CLANG_WARN__DUPLICATE_METHOD_MATCH = YES;
				"CODE_SIGN_IDENTITY[sdk=iphoneos*]" = "iPhone Developer";
				COPY_PHASE_STRIP = NO;
				ENABLE_STRICT_OBJC_MSGSEND = YES;
				GCC_C_LANGUAGE_STANDARD = gnu99;
				GCC_DYNAMIC_NO_PIC = NO;
				GCC_OPTIMIZATION_LEVEL = 0;
				GCC_PREPROCESSOR_DEFINITIONS = (
					"DEBUG=1",
					"$(inherited)",
				);
				GCC_SYMBOLS_PRIVATE_EXTERN = NO;
				GCC_WARN_64_TO_32_BIT_CONVERSION = YES;
				GCC_WARN_ABOUT_RETURN_TYPE = YES_ERROR;
				GCC_WARN_UNDECLARED_SELECTOR = YES;
				GCC_WARN_UNINITIALIZED_AUTOS = YES_AGGRESSIVE;
				GCC_WARN_UNUSED_FUNCTION = YES;
				GCC_WARN_UNUSED_VARIABLE = YES;
				IPHONEOS_DEPLOYMENT_TARGET = 8.1;
				MTL_ENABLE_DEBUG_INFO = YES;
				ONLY_ACTIVE_ARCH = YES;
				SDKROOT = iphoneos;
			};
			name = Debug;
		};
		88165D461A1B8AA1007BBD55 /* Release */ = {
			isa = XCBuildConfiguration;
			buildSettings = {
				ALWAYS_SEARCH_USER_PATHS = NO;
				CLANG_CXX_LANGUAGE_STANDARD = "gnu++0x";
				CLANG_CXX_LIBRARY = "libc++";
				CLANG_ENABLE_MODULES = YES;
				CLANG_ENABLE_OBJC_ARC = YES;
				CLANG_WARN_BOOL_CONVERSION = YES;
				CLANG_WARN_CONSTANT_CONVERSION = YES;
				CLANG_WARN_DIRECT_OBJC_ISA_USAGE = YES_ERROR;
				CLANG_WARN_EMPTY_BODY = YES;
				CLANG_WARN_ENUM_CONVERSION = YES;
				CLANG_WARN_INT_CONVERSION = YES;
				CLANG_WARN_OBJC_ROOT_CLASS = YES_ERROR;
				CLANG_WARN_UNREACHABLE_CODE = YES;
				CLANG_WARN__DUPLICATE_METHOD_MATCH = YES;
				"CODE_SIGN_IDENTITY[sdk=iphoneos*]" = "iPhone Developer";
				COPY_PHASE_STRIP = YES;
				ENABLE_NS_ASSERTIONS = NO;
				ENABLE_STRICT_OBJC_MSGSEND = YES;
				GCC_C_LANGUAGE_STANDARD = gnu99;
				GCC_WARN_64_TO_32_BIT_CONVERSION = YES;
				GCC_WARN_ABOUT_RETURN_TYPE = YES_ERROR;
				GCC_WARN_UNDECLARED_SELECTOR = YES;
				GCC_WARN_UNINITIALIZED_AUTOS = YES_AGGRESSIVE;
				GCC_WARN_UNUSED_FUNCTION = YES;
				GCC_WARN_UNUSED_VARIABLE = YES;
				IPHONEOS_DEPLOYMENT_TARGET = 8.1;
				MTL_ENABLE_DEBUG_INFO = NO;
				SDKROOT = iphoneos;
				VALIDATE_PRODUCT = YES;
			};
			name = Release;
		};
		88165D481A1B8AA1007BBD55 /* Debug */ = {
			isa = XCBuildConfiguration;
			buildSettings = {
				ASSETCATALOG_COMPILER_APPICON_NAME = AppIcon;
				INFOPLIST_FILE = iAppNinja_Basic_Camera_App/Info.plist;
				LD_RUNPATH_SEARCH_PATHS = "$(inherited) @executable_path/Frameworks";
				PRODUCT_NAME = "$(TARGET_NAME)";
			};
			name = Debug;
		};
		88165D491A1B8AA1007BBD55 /* Release */ = {
			isa = XCBuildConfiguration;
			buildSettings = {
				ASSETCATALOG_COMPILER_APPICON_NAME = AppIcon;
				INFOPLIST_FILE = iAppNinja_Basic_Camera_App/Info.plist;
				LD_RUNPATH_SEARCH_PATHS = "$(inherited) @executable_path/Frameworks";
				PRODUCT_NAME = "$(TARGET_NAME)";
			};
			name = Release;
		};
		88165D4B1A1B8AA1007BBD55 /* Debug */ = {
			isa = XCBuildConfiguration;
			buildSettings = {
				BUNDLE_LOADER = "$(TEST_HOST)";
				FRAMEWORK_SEARCH_PATHS = (
					"$(SDKROOT)/Developer/Library/Frameworks",
					"$(inherited)",
				);
				GCC_PREPROCESSOR_DEFINITIONS = (
					"DEBUG=1",
					"$(inherited)",
				);
				INFOPLIST_FILE = iAppNinja_Basic_Camera_AppTests/Info.plist;
				LD_RUNPATH_SEARCH_PATHS = "$(inherited) @executable_path/Frameworks @loader_path/Frameworks";
				PRODUCT_NAME = "$(TARGET_NAME)";
				TEST_HOST = "$(BUILT_PRODUCTS_DIR)/iAppNinja_Basic_Camera_App.app/iAppNinja_Basic_Camera_App";
			};
			name = Debug;
		};
		88165D4C1A1B8AA1007BBD55 /* Release */ = {
			isa = XCBuildConfiguration;
			buildSettings = {
				BUNDLE_LOADER = "$(TEST_HOST)";
				FRAMEWORK_SEARCH_PATHS = (
					"$(SDKROOT)/Developer/Library/Frameworks",
					"$(inherited)",
				);
				INFOPLIST_FILE = iAppNinja_Basic_Camera_AppTests/Info.plist;
				LD_RUNPATH_SEARCH_PATHS = "$(inherited) @executable_path/Frameworks @loader_path/Frameworks";
				PRODUCT_NAME = "$(TARGET_NAME)";
				TEST_HOST = "$(BUILT_PRODUCTS_DIR)/iAppNinja_Basic_Camera_App.app/iAppNinja_Basic_Camera_App";
			};
			name = Release;
		};
/* End XCBuildConfiguration section */

/* Begin XCConfigurationList section */
		88165D1F1A1B8AA0007BBD55 /* Build configuration list for PBXProject "iAppNinja_Basic_Camera_App" */ = {
			isa = XCConfigurationList;
			buildConfigurations = (
				88165D451A1B8AA1007BBD55 /* Debug */,
				88165D461A1B8AA1007BBD55 /* Release */,
			);
			defaultConfigurationIsVisible = 0;
			defaultConfigurationName = Release;
		};
		88165D471A1B8AA1007BBD55 /* Build configuration list for PBXNativeTarget "iAppNinja_Basic_Camera_App" */ = {
			isa = XCConfigurationList;
			buildConfigurations = (
				88165D481A1B8AA1007BBD55 /* Debug */,
				88165D491A1B8AA1007BBD55 /* Release */,
			);
			defaultConfigurationIsVisible = 0;
		};
		88165D4A1A1B8AA1007BBD55 /* Build configuration list for PBXNativeTarget "iAppNinja_Basic_Camera_AppTests" */ = {
			isa = XCConfigurationList;
			buildConfigurations = (
				88165D4B1A1B8AA1007BBD55 /* Debug */,
				88165D4C1A1B8AA1007BBD55 /* Release */,
			);
			defaultConfigurationIsVisible = 0;
		};
/* End XCConfigurationList section */
	};
	rootObject = 88165D1C1A1B8AA0007BBD55 /* Project object */;
}
